
Microsoft Visual Studio Solution File, Format Version 12.00
# Visual Studio Version 16
VisualStudioVersion = 16.0.29728.190
MinimumVisualStudioVersion = 10.0.40219.1
Project("{FAE04EC0-301F-11D3-BF4B-00C04F79EFBC}") = "Gosinfoproj", "Gosinfoproj\Gosinfoproj.csproj", "{91EC2CEE-0978-41CD-999D-E5AC7E148E31}"
EndProject
Project("{FAE04EC0-301F-11D3-BF4B-00C04F79EFBC}") = "Gosinfoporj.Tests", "Gosinfoporj.Tests\Gosinfoporj.Tests.csproj", "{05DDE678-4FB1-46A4-800F-754E0B8A879A}"
EndProject
Global
	GlobalSection(SolutionConfigurationPlatforms) = preSolution
		Debug|Any CPU = Debug|Any CPU
		Release|Any CPU = Release|Any CPU
	EndGlobalSection
	GlobalSection(ProjectConfigurationPlatforms) = postSolution
		{91EC2CEE-0978-41CD-999D-E5AC7E148E31}.Debug|Any CPU.ActiveCfg = Debug|Any CPU
		{91EC2CEE-0978-41CD-999D-E5AC7E148E31}.Debug|Any CPU.Build.0 = Debug|Any CPU
		{91EC2CEE-0978-41CD-999D-E5AC7E148E31}.Release|Any CPU.ActiveCfg = Release|Any CPU
		{91EC2CEE-0978-41CD-999D-E5AC7E148E31}.Release|Any CPU.Build.0 = Release|Any CPU
		{05DDE678-4FB1-46A4-800F-754E0B8A879A}.Debug|Any CPU.ActiveCfg = Debug|Any CPU
		{05DDE678-4FB1-46A4-800F-754E0B8A879A}.Debug|Any CPU.Build.0 = Debug|Any CPU
		{05DDE678-4FB1-46A4-800F-754E0B8A879A}.Release|Any CPU.ActiveCfg = Release|Any CPU
		{05DDE678-4FB1-46A4-800F-754E0B8A879A}.Release|Any CPU.Build.0 = Release|Any CPU
	EndGlobalSection
	GlobalSection(SolutionProperties) = preSolution
		HideSolutionNode = FALSE
	EndGlobalSection
	GlobalSection(ExtensibilityGlobals) = postSolution
		SolutionGuid = {D3FC5A82-6542-4D02-AE82-41B85373D8CF}
	EndGlobalSection
EndGlobal
